
Microsoft Visual Studio Solution File, Format Version 12.00
# Visual Studio 2012
Project("{FAE04EC0-301F-11D3-BF4B-00C04F79EFBC}") = "DependencyDumper", "DependencyDumper\DependencyDumper.csproj", "{38E86CBA-75F1-47A0-BD88-F3C7E2F257DF}"
EndProject
Global
	GlobalSection(SolutionConfigurationPlatforms) = preSolution
		Debug|Any CPU = Debug|Any CPU
		Release|Any CPU = Release|Any CPU
	EndGlobalSection
	GlobalSection(ProjectConfigurationPlatforms) = postSolution
		{38E86CBA-75F1-47A0-BD88-F3C7E2F257DF}.Debug|Any CPU.ActiveCfg = Debug|Any CPU
		{38E86CBA-75F1-47A0-BD88-F3C7E2F257DF}.Debug|Any CPU.Build.0 = Debug|Any CPU
		{38E86CBA-75F1-47A0-BD88-F3C7E2F257DF}.Release|Any CPU.ActiveCfg = Release|Any CPU
		{38E86CBA-75F1-47A0-BD88-F3C7E2F257DF}.Release|Any CPU.Build.0 = Release|Any CPU
	EndGlobalSection
	GlobalSection(SolutionProperties) = preSolution
		HideSolutionNode = FALSE
	EndGlobalSection
EndGlobal
